
Microsoft Visual Studio Solution File, Format Version 12.00
# Visual Studio Version 17
VisualStudioVersion = 17.4.33403.182
MinimumVisualStudioVersion = 10.0.40219.1
Project("{8BC9CEB8-8B4A-11D0-8D11-00A0C91BC942}") = "Engine", "Engine\Engine.vcxproj", "{2AD8EA80-7864-41E9-BB90-A3454CA23508}"
EndProject
Project("{8BC9CEB8-8B4A-11D0-8D11-00A0C91BC942}") = "Mochi", "Mochi\Mochi.vcxproj", "{5D9D5337-E5E7-4A93-9BDF-2EA7A5FFE063}"
EndProject
Global
	GlobalSection(SolutionConfigurationPlatforms) = preSolution
		Debug|x64 = Debug|x64
		Release|x64 = Release|x64
	EndGlobalSection
	GlobalSection(ProjectConfigurationPlatforms) = postSolution
		{5D9D5337-E5E7-4A93-9BDF-2EA7A5FFE063}.Debug|x64.ActiveCfg = Debug|x64
		{5D9D5337-E5E7-4A93-9BDF-2EA7A5FFE063}.Debug|x64.Build.0 = Debug|x64
		{5D9D5337-E5E7-4A93-9BDF-2EA7A5FFE063}.Release|x64.ActiveCfg = Release|x64
		{5D9D5337-E5E7-4A93-9BDF-2EA7A5FFE063}.Release|x64.Build.0 = Release|x64
		{2AD8EA80-7864-41E9-BB90-A3454CA23508}.Debug|x64.ActiveCfg = Debug|x64
		{2AD8EA80-7864-41E9-BB90-A3454CA23508}.Debug|x64.Build.0 = Debug|x64
		{2AD8EA80-7864-41E9-BB90-A3454CA23508}.Release|x64.ActiveCfg = Release|x64
		{2AD8EA80-7864-41E9-BB90-A3454CA23508}.Release|x64.Build.0 = Release|x64
	EndGlobalSection
	GlobalSection(SolutionProperties) = preSolution
		HideSolutionNode = FALSE
	EndGlobalSection
	GlobalSection(ExtensibilityGlobals) = postSolution
		SolutionGuid = {A19A7BAB-7FEF-4383-863C-7715BA94EC7C}
	EndGlobalSection
EndGlobal
